
Microsoft Visual Studio Solution File, Format Version 12.00
# Visual Studio Version 16
VisualStudioVersion = 16.0.31624.102
MinimumVisualStudioVersion = 10.0.40219.1
Project("{FAE04EC0-301F-11D3-BF4B-00C04F79EFBC}") = "Test2036", "Test2036\Test2036.csproj", "{7A398A34-F883-4246-B4B8-3EEBFD47954C}"
EndProject
Global
	GlobalSection(SolutionConfigurationPlatforms) = preSolution
		Debug|Any CPU = Debug|Any CPU
		Release|Any CPU = Release|Any CPU
	EndGlobalSection
	GlobalSection(ProjectConfigurationPlatforms) = postSolution
		{7A398A34-F883-4246-B4B8-3EEBFD47954C}.Debug|Any CPU.ActiveCfg = Debug|Any CPU
		{7A398A34-F883-4246-B4B8-3EEBFD47954C}.Debug|Any CPU.Build.0 = Debug|Any CPU
		{7A398A34-F883-4246-B4B8-3EEBFD47954C}.Release|Any CPU.ActiveCfg = Release|Any CPU
		{7A398A34-F883-4246-B4B8-3EEBFD47954C}.Release|Any CPU.Build.0 = Release|Any CPU
	EndGlobalSection
	GlobalSection(SolutionProperties) = preSolution
		HideSolutionNode = FALSE
	EndGlobalSection
	GlobalSection(ExtensibilityGlobals) = postSolution
		SolutionGuid = {1577509D-089F-43AC-AA38-C018E9747DA0}
	EndGlobalSection
EndGlobal
